
Microsoft Visual Studio Solution File, Format Version 12.00
# Visual Studio Version 17
VisualStudioVersion = 17.14.36121.58 d17.14
MinimumVisualStudioVersion = 10.0.40219.1
Project("{FAE04EC0-301F-11D3-BF4B-00C04F79EFBC}") = "StudentTimeProject", "StudentTimeProject.csproj", "{94C258FB-3BD2-4393-BCE5-E1D7B4740B9F}"
EndProject
Global
	GlobalSection(SolutionConfigurationPlatforms) = preSolution
		Debug|Any CPU = Debug|Any CPU
		Release|Any CPU = Release|Any CPU
	EndGlobalSection
	GlobalSection(ProjectConfigurationPlatforms) = postSolution
		{94C258FB-3BD2-4393-BCE5-E1D7B4740B9F}.Debug|Any CPU.ActiveCfg = Debug|Any CPU
		{94C258FB-3BD2-4393-BCE5-E1D7B4740B9F}.Debug|Any CPU.Build.0 = Debug|Any CPU
		{94C258FB-3BD2-4393-BCE5-E1D7B4740B9F}.Release|Any CPU.ActiveCfg = Release|Any CPU
		{94C258FB-3BD2-4393-BCE5-E1D7B4740B9F}.Release|Any CPU.Build.0 = Release|Any CPU
	EndGlobalSection
	GlobalSection(SolutionProperties) = preSolution
		HideSolutionNode = FALSE
	EndGlobalSection
	GlobalSection(ExtensibilityGlobals) = postSolution
		SolutionGuid = {BB933C5B-8034-40F2-B7DD-8A74F093CAC9}
	EndGlobalSection
EndGlobal
